
Microsoft Visual Studio Solution File, Format Version 12.00
# Visual Studio 15
VisualStudioVersion = 15.0.26228.4
MinimumVisualStudioVersion = 10.0.40219.1
Project("{FAE04EC0-301F-11D3-BF4B-00C04F79EFBC}") = "LucSequence", "LucSequence\LucSequence.csproj", "{58D02151-2850-4D80-B171-28B4C59F09AF}"
EndProject
Project("{FAE04EC0-301F-11D3-BF4B-00C04F79EFBC}") = "Tests", "Tests\Tests.csproj", "{D685CED4-59FC-4B60-94AA-2E192A229E8E}"
EndProject
Global
	GlobalSection(SolutionConfigurationPlatforms) = preSolution
		Debug|Any CPU = Debug|Any CPU
		Debug|x64 = Debug|x64
		Release|Any CPU = Release|Any CPU
		Release|x64 = Release|x64
	EndGlobalSection
	GlobalSection(ProjectConfigurationPlatforms) = postSolution
		{58D02151-2850-4D80-B171-28B4C59F09AF}.Debug|Any CPU.ActiveCfg = Debug|Any CPU
		{58D02151-2850-4D80-B171-28B4C59F09AF}.Debug|Any CPU.Build.0 = Debug|Any CPU
		{58D02151-2850-4D80-B171-28B4C59F09AF}.Debug|x64.ActiveCfg = Debug|x64
		{58D02151-2850-4D80-B171-28B4C59F09AF}.Debug|x64.Build.0 = Debug|x64
		{58D02151-2850-4D80-B171-28B4C59F09AF}.Release|Any CPU.ActiveCfg = Release|Any CPU
		{58D02151-2850-4D80-B171-28B4C59F09AF}.Release|Any CPU.Build.0 = Release|Any CPU
		{58D02151-2850-4D80-B171-28B4C59F09AF}.Release|x64.ActiveCfg = Release|x64
		{58D02151-2850-4D80-B171-28B4C59F09AF}.Release|x64.Build.0 = Release|x64
		{58D02151-2850-4D80-B171-28B4C59F09AF}.Release|x64.Deploy.0 = Release|x64
		{D685CED4-59FC-4B60-94AA-2E192A229E8E}.Debug|Any CPU.ActiveCfg = Debug|Any CPU
		{D685CED4-59FC-4B60-94AA-2E192A229E8E}.Debug|Any CPU.Build.0 = Debug|Any CPU
		{D685CED4-59FC-4B60-94AA-2E192A229E8E}.Debug|x64.ActiveCfg = Debug|x64
		{D685CED4-59FC-4B60-94AA-2E192A229E8E}.Debug|x64.Build.0 = Debug|x64
		{D685CED4-59FC-4B60-94AA-2E192A229E8E}.Release|Any CPU.ActiveCfg = Release|Any CPU
		{D685CED4-59FC-4B60-94AA-2E192A229E8E}.Release|Any CPU.Build.0 = Release|Any CPU
		{D685CED4-59FC-4B60-94AA-2E192A229E8E}.Release|x64.ActiveCfg = Release|x64
		{D685CED4-59FC-4B60-94AA-2E192A229E8E}.Release|x64.Build.0 = Release|x64
	EndGlobalSection
	GlobalSection(SolutionProperties) = preSolution
		HideSolutionNode = FALSE
	EndGlobalSection
EndGlobal
